
Microsoft Visual Studio Solution File, Format Version 12.00
# Visual Studio 15
VisualStudioVersion = 15.0.28010.2026
MinimumVisualStudioVersion = 10.0.40219.1
Project("{FAE04EC0-301F-11D3-BF4B-00C04F79EFBC}") = "Sandbox", "Sandbox\Sandbox.csproj", "{4177036D-7473-4966-A920-A39E647794FE}"
EndProject
Project("{8BC9CEB8-8B4A-11D0-8D11-00A0C91BC942}") = "FFmpeg", "FFmpeg\FFmpeg.vcxproj", "{B03EDF1A-C356-4045-B4C3-8B1BEC8369BE}"
EndProject
Global
	GlobalSection(SolutionConfigurationPlatforms) = preSolution
		Debug|Any CPU = Debug|Any CPU
		Debug|x64 = Debug|x64
		Debug|x86 = Debug|x86
		Release|Any CPU = Release|Any CPU
		Release|x64 = Release|x64
		Release|x86 = Release|x86
	EndGlobalSection
	GlobalSection(ProjectConfigurationPlatforms) = postSolution
		{4177036D-7473-4966-A920-A39E647794FE}.Debug|Any CPU.ActiveCfg = Debug|Any CPU
		{4177036D-7473-4966-A920-A39E647794FE}.Debug|Any CPU.Build.0 = Debug|Any CPU
		{4177036D-7473-4966-A920-A39E647794FE}.Debug|x64.ActiveCfg = Debug|Any CPU
		{4177036D-7473-4966-A920-A39E647794FE}.Debug|x64.Build.0 = Debug|Any CPU
		{4177036D-7473-4966-A920-A39E647794FE}.Debug|x86.ActiveCfg = Debug|Any CPU
		{4177036D-7473-4966-A920-A39E647794FE}.Debug|x86.Build.0 = Debug|Any CPU
		{4177036D-7473-4966-A920-A39E647794FE}.Release|Any CPU.ActiveCfg = Release|Any CPU
		{4177036D-7473-4966-A920-A39E647794FE}.Release|Any CPU.Build.0 = Release|Any CPU
		{4177036D-7473-4966-A920-A39E647794FE}.Release|x64.ActiveCfg = Release|Any CPU
		{4177036D-7473-4966-A920-A39E647794FE}.Release|x64.Build.0 = Release|Any CPU
		{4177036D-7473-4966-A920-A39E647794FE}.Release|x86.ActiveCfg = Release|Any CPU
		{4177036D-7473-4966-A920-A39E647794FE}.Release|x86.Build.0 = Release|Any CPU
		{B03EDF1A-C356-4045-B4C3-8B1BEC8369BE}.Debug|Any CPU.ActiveCfg = Debug|Win32
		{B03EDF1A-C356-4045-B4C3-8B1BEC8369BE}.Debug|x64.ActiveCfg = Debug|x64
		{B03EDF1A-C356-4045-B4C3-8B1BEC8369BE}.Debug|x64.Build.0 = Debug|x64
		{B03EDF1A-C356-4045-B4C3-8B1BEC8369BE}.Debug|x86.ActiveCfg = Debug|Win32
		{B03EDF1A-C356-4045-B4C3-8B1BEC8369BE}.Debug|x86.Build.0 = Debug|Win32
		{B03EDF1A-C356-4045-B4C3-8B1BEC8369BE}.Release|Any CPU.ActiveCfg = Release|Win32
		{B03EDF1A-C356-4045-B4C3-8B1BEC8369BE}.Release|x64.ActiveCfg = Release|x64
		{B03EDF1A-C356-4045-B4C3-8B1BEC8369BE}.Release|x64.Build.0 = Release|x64
		{B03EDF1A-C356-4045-B4C3-8B1BEC8369BE}.Release|x86.ActiveCfg = Release|Win32
		{B03EDF1A-C356-4045-B4C3-8B1BEC8369BE}.Release|x86.Build.0 = Release|Win32
	EndGlobalSection
	GlobalSection(SolutionProperties) = preSolution
		HideSolutionNode = FALSE
	EndGlobalSection
	GlobalSection(ExtensibilityGlobals) = postSolution
		SolutionGuid = {8F85B5FD-0BE9-496E-8DED-73405F113C07}
	EndGlobalSection
EndGlobal
